
Microsoft Visual Studio Solution File, Format Version 12.00
# Visual Studio Version 17
VisualStudioVersion = 17.4.33122.133
MinimumVisualStudioVersion = 10.0.40219.1
Project("{2150E333-8FDC-42A3-9474-1A3956D46DE8}") = "src", "src", "{FD3E20B4-AF69-40F8-ACE1-C0EB7DEBF891}"
EndProject
Project("{2150E333-8FDC-42A3-9474-1A3956D46DE8}") = "test", "test", "{EFC61839-DE77-4ECB-A867-73C888A6B5DC}"
EndProject
Project("{2150E333-8FDC-42A3-9474-1A3956D46DE8}") = "Core", "Core", "{1AFD38AC-1D57-40E8-B3A5-858536E0151E}"
EndProject
Project("{2150E333-8FDC-42A3-9474-1A3956D46DE8}") = "Perisitence", "Perisitence", "{3775B8C4-2937-42B6-908C-6601290FE508}"
EndProject
Project("{2150E333-8FDC-42A3-9474-1A3956D46DE8}") = "Infrastructure", "Infrastructure", "{576A014B-8C3D-4EBF-A6F6-DFB370A892C1}"
EndProject
Project("{2150E333-8FDC-42A3-9474-1A3956D46DE8}") = "Presentation", "Presentation", "{8465B096-9936-499D-8812-067E493E1EC7}"
EndProject
Project("{2150E333-8FDC-42A3-9474-1A3956D46DE8}") = "Common", "Common", "{0E2143D3-B3CB-4DBD-8AFD-94CD6A59572C}"
EndProject
Project("{2150E333-8FDC-42A3-9474-1A3956D46DE8}") = "UnitTest", "UnitTest", "{1CB81780-9623-42B0-8886-958B5F6F623E}"
EndProject
Project("{2150E333-8FDC-42A3-9474-1A3956D46DE8}") = "IntegrationTest", "IntegrationTest", "{306EB110-8D8A-4C85-8DF0-25D7E5AD4BE2}"
EndProject
Project("{2150E333-8FDC-42A3-9474-1A3956D46DE8}") = "PerformanceTest", "PerformanceTest", "{1A7F9EC7-72F6-4ABB-A0E9-D16736EEC937}"
EndProject
Project("{9A19103F-16F7-4668-BE54-9A1E7A4F7556}") = "DomainDriven.CleanArchitecture.Test.Unit", "tests\CleanArchitecture.Demo.Test.Unit\DomainDriven.CleanArchitecture.Test.Unit.csproj", "{F34E0298-11E2-4FEE-9564-322930DFE836}"
EndProject
Project("{9A19103F-16F7-4668-BE54-9A1E7A4F7556}") = "DomainDriven.CleanArchitecture.Common", "src\DomainDriven.CleanArchitecture.Common\DomainDriven.CleanArchitecture.Common.csproj", "{E0E7BFC3-EF7E-4330-8D8D-7CE7986D12E9}"
EndProject
Project("{9A19103F-16F7-4668-BE54-9A1E7A4F7556}") = "DomainDriven.CleanArchitecture.Application", "src\DomainDriven.CleanArchitecture.Application\DomainDriven.CleanArchitecture.Application.csproj", "{E4F22031-D748-46E5-A87B-22F05C89973F}"
EndProject
Project("{9A19103F-16F7-4668-BE54-9A1E7A4F7556}") = "DomainDriven.CleanArchitecture.Domain", "src\DomainDriven.CleanArchitecture.Domain\DomainDriven.CleanArchitecture.Domain.csproj", "{DC5C4891-D1FD-4CFF-8089-9387525658A4}"
EndProject
Project("{9A19103F-16F7-4668-BE54-9A1E7A4F7556}") = "DomainDriven.CleanArchitecture.ExternalServices", "src\DomainDriven.CleanArchitecture.ExternalServices\DomainDriven.CleanArchitecture.ExternalServices.csproj", "{6C5BA7A7-A34C-44C4-9AA4-AA27C7EDA686}"
EndProject
Project("{9A19103F-16F7-4668-BE54-9A1E7A4F7556}") = "DomainDriven.CleanArchitecture.Persistence.InMemory", "src\DomainDriven.CleanArchitecture.Persistence.InMemory\DomainDriven.CleanArchitecture.Persistence.InMemory.csproj", "{FB0BC07E-66DC-44AD-8BD4-AFBA905A53A5}"
EndProject
Project("{9A19103F-16F7-4668-BE54-9A1E7A4F7556}") = "DomainDriven.CleanArchitecture.ConsoleApplication", "src\DomainDriven.CleanArchitecture.ConsoleApplication\DomainDriven.CleanArchitecture.ConsoleApplication.csproj", "{D217ED79-2F99-48EA-8152-07B608A5F679}"
EndProject
Project("{9A19103F-16F7-4668-BE54-9A1E7A4F7556}") = "DomainDriven.CleanArchitecture.Contracts", "src\DomainDriven.CleanArchitecture.Contracts\DomainDriven.CleanArchitecture.Contracts.csproj", "{53E0211D-3082-4D02-8DDD-A5CB13F3F221}"
EndProject
Project("{9A19103F-16F7-4668-BE54-9A1E7A4F7556}") = "DomainDriven.CleanArchitecture.WebApi", "src\DomainDriven.CleanArchitecture.WebApi\DomainDriven.CleanArchitecture.WebApi.csproj", "{E1D75251-FDA0-42F4-A78E-9E8630F00103}"
EndProject
Global
	GlobalSection(SolutionConfigurationPlatforms) = preSolution
		Debug|Any CPU = Debug|Any CPU
		Debug|ARM = Debug|ARM
		Debug|ARM64 = Debug|ARM64
		Debug|x64 = Debug|x64
		Debug|x86 = Debug|x86
		Release|Any CPU = Release|Any CPU
		Release|ARM = Release|ARM
		Release|ARM64 = Release|ARM64
		Release|x64 = Release|x64
		Release|x86 = Release|x86
	EndGlobalSection
	GlobalSection(ProjectConfigurationPlatforms) = postSolution
		{F34E0298-11E2-4FEE-9564-322930DFE836}.Debug|Any CPU.ActiveCfg = Debug|Any CPU
		{F34E0298-11E2-4FEE-9564-322930DFE836}.Debug|Any CPU.Build.0 = Debug|Any CPU
		{F34E0298-11E2-4FEE-9564-322930DFE836}.Debug|ARM.ActiveCfg = Debug|Any CPU
		{F34E0298-11E2-4FEE-9564-322930DFE836}.Debug|ARM.Build.0 = Debug|Any CPU
		{F34E0298-11E2-4FEE-9564-322930DFE836}.Debug|ARM64.ActiveCfg = Debug|Any CPU
		{F34E0298-11E2-4FEE-9564-322930DFE836}.Debug|ARM64.Build.0 = Debug|Any CPU
		{F34E0298-11E2-4FEE-9564-322930DFE836}.Debug|x64.ActiveCfg = Debug|Any CPU
		{F34E0298-11E2-4FEE-9564-322930DFE836}.Debug|x64.Build.0 = Debug|Any CPU
		{F34E0298-11E2-4FEE-9564-322930DFE836}.Debug|x86.ActiveCfg = Debug|Any CPU
		{F34E0298-11E2-4FEE-9564-322930DFE836}.Debug|x86.Build.0 = Debug|Any CPU
		{F34E0298-11E2-4FEE-9564-322930DFE836}.Release|Any CPU.ActiveCfg = Release|Any CPU
		{F34E0298-11E2-4FEE-9564-322930DFE836}.Release|Any CPU.Build.0 = Release|Any CPU
		{F34E0298-11E2-4FEE-9564-322930DFE836}.Release|ARM.ActiveCfg = Release|Any CPU
		{F34E0298-11E2-4FEE-9564-322930DFE836}.Release|ARM.Build.0 = Release|Any CPU
		{F34E0298-11E2-4FEE-9564-322930DFE836}.Release|ARM64.ActiveCfg = Release|Any CPU
		{F34E0298-11E2-4FEE-9564-322930DFE836}.Release|ARM64.Build.0 = Release|Any CPU
		{F34E0298-11E2-4FEE-9564-322930DFE836}.Release|x64.ActiveCfg = Release|Any CPU
		{F34E0298-11E2-4FEE-9564-322930DFE836}.Release|x64.Build.0 = Release|Any CPU
		{F34E0298-11E2-4FEE-9564-322930DFE836}.Release|x86.ActiveCfg = Release|Any CPU
		{F34E0298-11E2-4FEE-9564-322930DFE836}.Release|x86.Build.0 = Release|Any CPU
		{E0E7BFC3-EF7E-4330-8D8D-7CE7986D12E9}.Debug|Any CPU.ActiveCfg = Debug|Any CPU
		{E0E7BFC3-EF7E-4330-8D8D-7CE7986D12E9}.Debug|Any CPU.Build.0 = Debug|Any CPU
		{E0E7BFC3-EF7E-4330-8D8D-7CE7986D12E9}.Debug|ARM.ActiveCfg = Debug|Any CPU
		{E0E7BFC3-EF7E-4330-8D8D-7CE7986D12E9}.Debug|ARM.Build.0 = Debug|Any CPU
		{E0E7BFC3-EF7E-4330-8D8D-7CE7986D12E9}.Debug|ARM64.ActiveCfg = Debug|Any CPU
		{E0E7BFC3-EF7E-4330-8D8D-7CE7986D12E9}.Debug|ARM64.Build.0 = Debug|Any CPU
		{E0E7BFC3-EF7E-4330-8D8D-7CE7986D12E9}.Debug|x64.ActiveCfg = Debug|Any CPU
		{E0E7BFC3-EF7E-4330-8D8D-7CE7986D12E9}.Debug|x64.Build.0 = Debug|Any CPU
		{E0E7BFC3-EF7E-4330-8D8D-7CE7986D12E9}.Debug|x86.ActiveCfg = Debug|Any CPU
		{E0E7BFC3-EF7E-4330-8D8D-7CE7986D12E9}.Debug|x86.Build.0 = Debug|Any CPU
		{E0E7BFC3-EF7E-4330-8D8D-7CE7986D12E9}.Release|Any CPU.ActiveCfg = Release|Any CPU
		{E0E7BFC3-EF7E-4330-8D8D-7CE7986D12E9}.Release|Any CPU.Build.0 = Release|Any CPU
		{E0E7BFC3-EF7E-4330-8D8D-7CE7986D12E9}.Release|ARM.ActiveCfg = Release|Any CPU
		{E0E7BFC3-EF7E-4330-8D8D-7CE7986D12E9}.Release|ARM.Build.0 = Release|Any CPU
		{E0E7BFC3-EF7E-4330-8D8D-7CE7986D12E9}.Release|ARM64.ActiveCfg = Release|Any CPU
		{E0E7BFC3-EF7E-4330-8D8D-7CE7986D12E9}.Release|ARM64.Build.0 = Release|Any CPU
		{E0E7BFC3-EF7E-4330-8D8D-7CE7986D12E9}.Release|x64.ActiveCfg = Release|Any CPU
		{E0E7BFC3-EF7E-4330-8D8D-7CE7986D12E9}.Release|x64.Build.0 = Release|Any CPU
		{E0E7BFC3-EF7E-4330-8D8D-7CE7986D12E9}.Release|x86.ActiveCfg = Release|Any CPU
		{E0E7BFC3-EF7E-4330-8D8D-7CE7986D12E9}.Release|x86.Build.0 = Release|Any CPU
		{E4F22031-D748-46E5-A87B-22F05C89973F}.Debug|Any CPU.ActiveCfg = Debug|Any CPU
		{E4F22031-D748-46E5-A87B-22F05C89973F}.Debug|Any CPU.Build.0 = Debug|Any CPU
		{E4F22031-D748-46E5-A87B-22F05C89973F}.Debug|ARM.ActiveCfg = Debug|Any CPU
		{E4F22031-D748-46E5-A87B-22F05C89973F}.Debug|ARM.Build.0 = Debug|Any CPU
		{E4F22031-D748-46E5-A87B-22F05C89973F}.Debug|ARM64.ActiveCfg = Debug|Any CPU
		{E4F22031-D748-46E5-A87B-22F05C89973F}.Debug|ARM64.Build.0 = Debug|Any CPU
		{E4F22031-D748-46E5-A87B-22F05C89973F}.Debug|x64.ActiveCfg = Debug|Any CPU
		{E4F22031-D748-46E5-A87B-22F05C89973F}.Debug|x64.Build.0 = Debug|Any CPU
		{E4F22031-D748-46E5-A87B-22F05C89973F}.Debug|x86.ActiveCfg = Debug|Any CPU
		{E4F22031-D748-46E5-A87B-22F05C89973F}.Debug|x86.Build.0 = Debug|Any CPU
		{E4F22031-D748-46E5-A87B-22F05C89973F}.Release|Any CPU.ActiveCfg = Release|Any CPU
		{E4F22031-D748-46E5-A87B-22F05C89973F}.Release|Any CPU.Build.0 = Release|Any CPU
		{E4F22031-D748-46E5-A87B-22F05C89973F}.Release|ARM.ActiveCfg = Release|Any CPU
		{E4F22031-D748-46E5-A87B-22F05C89973F}.Release|ARM.Build.0 = Release|Any CPU
		{E4F22031-D748-46E5-A87B-22F05C89973F}.Release|ARM64.ActiveCfg = Release|Any CPU
		{E4F22031-D748-46E5-A87B-22F05C89973F}.Release|ARM64.Build.0 = Release|Any CPU
		{E4F22031-D748-46E5-A87B-22F05C89973F}.Release|x64.ActiveCfg = Release|Any CPU
		{E4F22031-D748-46E5-A87B-22F05C89973F}.Release|x64.Build.0 = Release|Any CPU
		{E4F22031-D748-46E5-A87B-22F05C89973F}.Release|x86.ActiveCfg = Release|Any CPU
		{E4F22031-D748-46E5-A87B-22F05C89973F}.Release|x86.Build.0 = Release|Any CPU
		{DC5C4891-D1FD-4CFF-8089-9387525658A4}.Debug|Any CPU.ActiveCfg = Debug|Any CPU
		{DC5C4891-D1FD-4CFF-8089-9387525658A4}.Debug|Any CPU.Build.0 = Debug|Any CPU
		{DC5C4891-D1FD-4CFF-8089-9387525658A4}.Debug|ARM.ActiveCfg = Debug|Any CPU
		{DC5C4891-D1FD-4CFF-8089-9387525658A4}.Debug|ARM.Build.0 = Debug|Any CPU
		{DC5C4891-D1FD-4CFF-8089-9387525658A4}.Debug|ARM64.ActiveCfg = Debug|Any CPU
		{DC5C4891-D1FD-4CFF-8089-9387525658A4}.Debug|ARM64.Build.0 = Debug|Any CPU
		{DC5C4891-D1FD-4CFF-8089-9387525658A4}.Debug|x64.ActiveCfg = Debug|Any CPU
		{DC5C4891-D1FD-4CFF-8089-9387525658A4}.Debug|x64.Build.0 = Debug|Any CPU
		{DC5C4891-D1FD-4CFF-8089-9387525658A4}.Debug|x86.ActiveCfg = Debug|Any CPU
		{DC5C4891-D1FD-4CFF-8089-9387525658A4}.Debug|x86.Build.0 = Debug|Any CPU
		{DC5C4891-D1FD-4CFF-8089-9387525658A4}.Release|Any CPU.ActiveCfg = Release|Any CPU
		{DC5C4891-D1FD-4CFF-8089-9387525658A4}.Release|Any CPU.Build.0 = Release|Any CPU
		{DC5C4891-D1FD-4CFF-8089-9387525658A4}.Release|ARM.ActiveCfg = Release|Any CPU
		{DC5C4891-D1FD-4CFF-8089-9387525658A4}.Release|ARM.Build.0 = Release|Any CPU
		{DC5C4891-D1FD-4CFF-8089-9387525658A4}.Release|ARM64.ActiveCfg = Release|Any CPU
		{DC5C4891-D1FD-4CFF-8089-9387525658A4}.Release|ARM64.Build.0 = Release|Any CPU
		{DC5C4891-D1FD-4CFF-8089-9387525658A4}.Release|x64.ActiveCfg = Release|Any CPU
		{DC5C4891-D1FD-4CFF-8089-9387525658A4}.Release|x64.Build.0 = Release|Any CPU
		{DC5C4891-D1FD-4CFF-8089-9387525658A4}.Release|x86.ActiveCfg = Release|Any CPU
		{DC5C4891-D1FD-4CFF-8089-9387525658A4}.Release|x86.Build.0 = Release|Any CPU
		{6C5BA7A7-A34C-44C4-9AA4-AA27C7EDA686}.Debug|Any CPU.ActiveCfg = Debug|Any CPU
		{6C5BA7A7-A34C-44C4-9AA4-AA27C7EDA686}.Debug|Any CPU.Build.0 = Debug|Any CPU
		{6C5BA7A7-A34C-44C4-9AA4-AA27C7EDA686}.Debug|ARM.ActiveCfg = Debug|Any CPU
		{6C5BA7A7-A34C-44C4-9AA4-AA27C7EDA686}.Debug|ARM.Build.0 = Debug|Any CPU
		{6C5BA7A7-A34C-44C4-9AA4-AA27C7EDA686}.Debug|ARM64.ActiveCfg = Debug|Any CPU
		{6C5BA7A7-A34C-44C4-9AA4-AA27C7EDA686}.Debug|ARM64.Build.0 = Debug|Any CPU
		{6C5BA7A7-A34C-44C4-9AA4-AA27C7EDA686}.Debug|x64.ActiveCfg = Debug|Any CPU
		{6C5BA7A7-A34C-44C4-9AA4-AA27C7EDA686}.Debug|x64.Build.0 = Debug|Any CPU
		{6C5BA7A7-A34C-44C4-9AA4-AA27C7EDA686}.Debug|x86.ActiveCfg = Debug|Any CPU
		{6C5BA7A7-A34C-44C4-9AA4-AA27C7EDA686}.Debug|x86.Build.0 = Debug|Any CPU
		{6C5BA7A7-A34C-44C4-9AA4-AA27C7EDA686}.Release|Any CPU.ActiveCfg = Release|Any CPU
		{6C5BA7A7-A34C-44C4-9AA4-AA27C7EDA686}.Release|Any CPU.Build.0 = Release|Any CPU
		{6C5BA7A7-A34C-44C4-9AA4-AA27C7EDA686}.Release|ARM.ActiveCfg = Release|Any CPU
		{6C5BA7A7-A34C-44C4-9AA4-AA27C7EDA686}.Release|ARM.Build.0 = Release|Any CPU
		{6C5BA7A7-A34C-44C4-9AA4-AA27C7EDA686}.Release|ARM64.ActiveCfg = Release|Any CPU
		{6C5BA7A7-A34C-44C4-9AA4-AA27C7EDA686}.Release|ARM64.Build.0 = Release|Any CPU
		{6C5BA7A7-A34C-44C4-9AA4-AA27C7EDA686}.Release|x64.ActiveCfg = Release|Any CPU
		{6C5BA7A7-A34C-44C4-9AA4-AA27C7EDA686}.Release|x64.Build.0 = Release|Any CPU
		{6C5BA7A7-A34C-44C4-9AA4-AA27C7EDA686}.Release|x86.ActiveCfg = Release|Any CPU
		{6C5BA7A7-A34C-44C4-9AA4-AA27C7EDA686}.Release|x86.Build.0 = Release|Any CPU
		{FB0BC07E-66DC-44AD-8BD4-AFBA905A53A5}.Debug|Any CPU.ActiveCfg = Debug|Any CPU
		{FB0BC07E-66DC-44AD-8BD4-AFBA905A53A5}.Debug|Any CPU.Build.0 = Debug|Any CPU
		{FB0BC07E-66DC-44AD-8BD4-AFBA905A53A5}.Debug|ARM.ActiveCfg = Debug|Any CPU
		{FB0BC07E-66DC-44AD-8BD4-AFBA905A53A5}.Debug|ARM.Build.0 = Debug|Any CPU
		{FB0BC07E-66DC-44AD-8BD4-AFBA905A53A5}.Debug|ARM64.ActiveCfg = Debug|Any CPU
		{FB0BC07E-66DC-44AD-8BD4-AFBA905A53A5}.Debug|ARM64.Build.0 = Debug|Any CPU
		{FB0BC07E-66DC-44AD-8BD4-AFBA905A53A5}.Debug|x64.ActiveCfg = Debug|Any CPU
		{FB0BC07E-66DC-44AD-8BD4-AFBA905A53A5}.Debug|x64.Build.0 = Debug|Any CPU
		{FB0BC07E-66DC-44AD-8BD4-AFBA905A53A5}.Debug|x86.ActiveCfg = Debug|Any CPU
		{FB0BC07E-66DC-44AD-8BD4-AFBA905A53A5}.Debug|x86.Build.0 = Debug|Any CPU
		{FB0BC07E-66DC-44AD-8BD4-AFBA905A53A5}.Release|Any CPU.ActiveCfg = Release|Any CPU
		{FB0BC07E-66DC-44AD-8BD4-AFBA905A53A5}.Release|Any CPU.Build.0 = Release|Any CPU
		{FB0BC07E-66DC-44AD-8BD4-AFBA905A53A5}.Release|ARM.ActiveCfg = Release|Any CPU
		{FB0BC07E-66DC-44AD-8BD4-AFBA905A53A5}.Release|ARM.Build.0 = Release|Any CPU
		{FB0BC07E-66DC-44AD-8BD4-AFBA905A53A5}.Release|ARM64.ActiveCfg = Release|Any CPU
		{FB0BC07E-66DC-44AD-8BD4-AFBA905A53A5}.Release|ARM64.Build.0 = Release|Any CPU
		{FB0BC07E-66DC-44AD-8BD4-AFBA905A53A5}.Release|x64.ActiveCfg = Release|Any CPU
		{FB0BC07E-66DC-44AD-8BD4-AFBA905A53A5}.Release|x64.Build.0 = Release|Any CPU
		{FB0BC07E-66DC-44AD-8BD4-AFBA905A53A5}.Release|x86.ActiveCfg = Release|Any CPU
		{FB0BC07E-66DC-44AD-8BD4-AFBA905A53A5}.Release|x86.Build.0 = Release|Any CPU
		{D217ED79-2F99-48EA-8152-07B608A5F679}.Debug|Any CPU.ActiveCfg = Debug|Any CPU
		{D217ED79-2F99-48EA-8152-07B608A5F679}.Debug|Any CPU.Build.0 = Debug|Any CPU
		{D217ED79-2F99-48EA-8152-07B608A5F679}.Debug|ARM.ActiveCfg = Debug|Any CPU
		{D217ED79-2F99-48EA-8152-07B608A5F679}.Debug|ARM.Build.0 = Debug|Any CPU
		{D217ED79-2F99-48EA-8152-07B608A5F679}.Debug|ARM64.ActiveCfg = Debug|Any CPU
		{D217ED79-2F99-48EA-8152-07B608A5F679}.Debug|ARM64.Build.0 = Debug|Any CPU
		{D217ED79-2F99-48EA-8152-07B608A5F679}.Debug|x64.ActiveCfg = Debug|Any CPU
		{D217ED79-2F99-48EA-8152-07B608A5F679}.Debug|x64.Build.0 = Debug|Any CPU
		{D217ED79-2F99-48EA-8152-07B608A5F679}.Debug|x86.ActiveCfg = Debug|Any CPU
		{D217ED79-2F99-48EA-8152-07B608A5F679}.Debug|x86.Build.0 = Debug|Any CPU
		{D217ED79-2F99-48EA-8152-07B608A5F679}.Release|Any CPU.ActiveCfg = Release|Any CPU
		{D217ED79-2F99-48EA-8152-07B608A5F679}.Release|Any CPU.Build.0 = Release|Any CPU
		{D217ED79-2F99-48EA-8152-07B608A5F679}.Release|ARM.ActiveCfg = Release|Any CPU
		{D217ED79-2F99-48EA-8152-07B608A5F679}.Release|ARM.Build.0 = Release|Any CPU
		{D217ED79-2F99-48EA-8152-07B608A5F679}.Release|ARM64.ActiveCfg = Release|Any CPU
		{D217ED79-2F99-48EA-8152-07B608A5F679}.Release|ARM64.Build.0 = Release|Any CPU
		{D217ED79-2F99-48EA-8152-07B608A5F679}.Release|x64.ActiveCfg = Release|Any CPU
		{D217ED79-2F99-48EA-8152-07B608A5F679}.Release|x64.Build.0 = Release|Any CPU
		{D217ED79-2F99-48EA-8152-07B608A5F679}.Release|x86.ActiveCfg = Release|Any CPU
		{D217ED79-2F99-48EA-8152-07B608A5F679}.Release|x86.Build.0 = Release|Any CPU
		{53E0211D-3082-4D02-8DDD-A5CB13F3F221}.Debug|Any CPU.ActiveCfg = Debug|Any CPU
		{53E0211D-3082-4D02-8DDD-A5CB13F3F221}.Debug|Any CPU.Build.0 = Debug|Any CPU
		{53E0211D-3082-4D02-8DDD-A5CB13F3F221}.Debug|ARM.ActiveCfg = Debug|Any CPU
		{53E0211D-3082-4D02-8DDD-A5CB13F3F221}.Debug|ARM.Build.0 = Debug|Any CPU
		{53E0211D-3082-4D02-8DDD-A5CB13F3F221}.Debug|ARM64.ActiveCfg = Debug|Any CPU
		{53E0211D-3082-4D02-8DDD-A5CB13F3F221}.Debug|ARM64.Build.0 = Debug|Any CPU
		{53E0211D-3082-4D02-8DDD-A5CB13F3F221}.Debug|x64.ActiveCfg = Debug|Any CPU
		{53E0211D-3082-4D02-8DDD-A5CB13F3F221}.Debug|x64.Build.0 = Debug|Any CPU
		{53E0211D-3082-4D02-8DDD-A5CB13F3F221}.Debug|x86.ActiveCfg = Debug|Any CPU
		{53E0211D-3082-4D02-8DDD-A5CB13F3F221}.Debug|x86.Build.0 = Debug|Any CPU
		{53E0211D-3082-4D02-8DDD-A5CB13F3F221}.Release|Any CPU.ActiveCfg = Release|Any CPU
		{53E0211D-3082-4D02-8DDD-A5CB13F3F221}.Release|Any CPU.Build.0 = Release|Any CPU
		{53E0211D-3082-4D02-8DDD-A5CB13F3F221}.Release|ARM.ActiveCfg = Release|Any CPU
		{53E0211D-3082-4D02-8DDD-A5CB13F3F221}.Release|ARM.Build.0 = Release|Any CPU
		{53E0211D-3082-4D02-8DDD-A5CB13F3F221}.Release|ARM64.ActiveCfg = Release|Any CPU
		{53E0211D-3082-4D02-8DDD-A5CB13F3F221}.Release|ARM64.Build.0 = Release|Any CPU
		{53E0211D-3082-4D02-8DDD-A5CB13F3F221}.Release|x64.ActiveCfg = Release|Any CPU
		{53E0211D-3082-4D02-8DDD-A5CB13F3F221}.Release|x64.Build.0 = Release|Any CPU
		{53E0211D-3082-4D02-8DDD-A5CB13F3F221}.Release|x86.ActiveCfg = Release|Any CPU
		{53E0211D-3082-4D02-8DDD-A5CB13F3F221}.Release|x86.Build.0 = Release|Any CPU
		{E1D75251-FDA0-42F4-A78E-9E8630F00103}.Debug|Any CPU.ActiveCfg = Debug|Any CPU
		{E1D75251-FDA0-42F4-A78E-9E8630F00103}.Debug|Any CPU.Build.0 = Debug|Any CPU
		{E1D75251-FDA0-42F4-A78E-9E8630F00103}.Debug|ARM.ActiveCfg = Debug|Any CPU
		{E1D75251-FDA0-42F4-A78E-9E8630F00103}.Debug|ARM.Build.0 = Debug|Any CPU
		{E1D75251-FDA0-42F4-A78E-9E8630F00103}.Debug|ARM64.ActiveCfg = Debug|Any CPU
		{E1D75251-FDA0-42F4-A78E-9E8630F00103}.Debug|ARM64.Build.0 = Debug|Any CPU
		{E1D75251-FDA0-42F4-A78E-9E8630F00103}.Debug|x64.ActiveCfg = Debug|Any CPU
		{E1D75251-FDA0-42F4-A78E-9E8630F00103}.Debug|x64.Build.0 = Debug|Any CPU
		{E1D75251-FDA0-42F4-A78E-9E8630F00103}.Debug|x86.ActiveCfg = Debug|Any CPU
		{E1D75251-FDA0-42F4-A78E-9E8630F00103}.Debug|x86.Build.0 = Debug|Any CPU
		{E1D75251-FDA0-42F4-A78E-9E8630F00103}.Release|Any CPU.ActiveCfg = Release|Any CPU
		{E1D75251-FDA0-42F4-A78E-9E8630F00103}.Release|Any CPU.Build.0 = Release|Any CPU
		{E1D75251-FDA0-42F4-A78E-9E8630F00103}.Release|ARM.ActiveCfg = Release|Any CPU
		{E1D75251-FDA0-42F4-A78E-9E8630F00103}.Release|ARM.Build.0 = Release|Any CPU
		{E1D75251-FDA0-42F4-A78E-9E8630F00103}.Release|ARM64.ActiveCfg = Release|Any CPU
		{E1D75251-FDA0-42F4-A78E-9E8630F00103}.Release|ARM64.Build.0 = Release|Any CPU
		{E1D75251-FDA0-42F4-A78E-9E8630F00103}.Release|x64.ActiveCfg = Release|Any CPU
		{E1D75251-FDA0-42F4-A78E-9E8630F00103}.Release|x64.Build.0 = Release|Any CPU
		{E1D75251-FDA0-42F4-A78E-9E8630F00103}.Release|x86.ActiveCfg = Release|Any CPU
		{E1D75251-FDA0-42F4-A78E-9E8630F00103}.Release|x86.Build.0 = Release|Any CPU
	EndGlobalSection
	GlobalSection(SolutionProperties) = preSolution
		HideSolutionNode = FALSE
	EndGlobalSection
	GlobalSection(NestedProjects) = preSolution
		{1AFD38AC-1D57-40E8-B3A5-858536E0151E} = {FD3E20B4-AF69-40F8-ACE1-C0EB7DEBF891}
		{3775B8C4-2937-42B6-908C-6601290FE508} = {FD3E20B4-AF69-40F8-ACE1-C0EB7DEBF891}
		{576A014B-8C3D-4EBF-A6F6-DFB370A892C1} = {FD3E20B4-AF69-40F8-ACE1-C0EB7DEBF891}
		{8465B096-9936-499D-8812-067E493E1EC7} = {FD3E20B4-AF69-40F8-ACE1-C0EB7DEBF891}
		{0E2143D3-B3CB-4DBD-8AFD-94CD6A59572C} = {FD3E20B4-AF69-40F8-ACE1-C0EB7DEBF891}
		{1CB81780-9623-42B0-8886-958B5F6F623E} = {EFC61839-DE77-4ECB-A867-73C888A6B5DC}
		{306EB110-8D8A-4C85-8DF0-25D7E5AD4BE2} = {EFC61839-DE77-4ECB-A867-73C888A6B5DC}
		{1A7F9EC7-72F6-4ABB-A0E9-D16736EEC937} = {EFC61839-DE77-4ECB-A867-73C888A6B5DC}
		{F34E0298-11E2-4FEE-9564-322930DFE836} = {1CB81780-9623-42B0-8886-958B5F6F623E}
		{E0E7BFC3-EF7E-4330-8D8D-7CE7986D12E9} = {0E2143D3-B3CB-4DBD-8AFD-94CD6A59572C}
		{E4F22031-D748-46E5-A87B-22F05C89973F} = {1AFD38AC-1D57-40E8-B3A5-858536E0151E}
		{DC5C4891-D1FD-4CFF-8089-9387525658A4} = {1AFD38AC-1D57-40E8-B3A5-858536E0151E}
		{6C5BA7A7-A34C-44C4-9AA4-AA27C7EDA686} = {576A014B-8C3D-4EBF-A6F6-DFB370A892C1}
		{FB0BC07E-66DC-44AD-8BD4-AFBA905A53A5} = {3775B8C4-2937-42B6-908C-6601290FE508}
		{D217ED79-2F99-48EA-8152-07B608A5F679} = {8465B096-9936-499D-8812-067E493E1EC7}
		{53E0211D-3082-4D02-8DDD-A5CB13F3F221} = {8465B096-9936-499D-8812-067E493E1EC7}
		{E1D75251-FDA0-42F4-A78E-9E8630F00103} = {8465B096-9936-499D-8812-067E493E1EC7}
	EndGlobalSection
	GlobalSection(ExtensibilityGlobals) = postSolution
		SolutionGuid = {C3EE34ED-8406-44F0-93C0-069584A012DD}
	EndGlobalSection
EndGlobal
